
Microsoft Visual Studio Solution File, Format Version 12.00
# Visual Studio Version 16
VisualStudioVersion = 16.0.31005.135
MinimumVisualStudioVersion = 10.0.40219.1
Project("{9A19103F-16F7-4668-BE54-9A1E7A4F7556}") = "TodoAPI", "TodoAPI\TodoAPI.csproj", "{3726594B-CD98-471B-806B-BD3DD9EBD952}"
EndProject
Project("{FAE04EC0-301F-11D3-BF4B-00C04F79EFBC}") = "TodoAPI-Test", "TodoAPI-Test\TodoAPI-Test.csproj", "{C054718B-E09E-4C8B-ADDD-96B91A97A6D8}"
EndProject
Global
	GlobalSection(SolutionConfigurationPlatforms) = preSolution
		Debug|Any CPU = Debug|Any CPU
		Release|Any CPU = Release|Any CPU
	EndGlobalSection
	GlobalSection(ProjectConfigurationPlatforms) = postSolution
		{3726594B-CD98-471B-806B-BD3DD9EBD952}.Debug|Any CPU.ActiveCfg = Debug|Any CPU
		{3726594B-CD98-471B-806B-BD3DD9EBD952}.Debug|Any CPU.Build.0 = Debug|Any CPU
		{3726594B-CD98-471B-806B-BD3DD9EBD952}.Release|Any CPU.ActiveCfg = Release|Any CPU
		{3726594B-CD98-471B-806B-BD3DD9EBD952}.Release|Any CPU.Build.0 = Release|Any CPU
		{C054718B-E09E-4C8B-ADDD-96B91A97A6D8}.Debug|Any CPU.ActiveCfg = Debug|Any CPU
		{C054718B-E09E-4C8B-ADDD-96B91A97A6D8}.Debug|Any CPU.Build.0 = Debug|Any CPU
		{C054718B-E09E-4C8B-ADDD-96B91A97A6D8}.Release|Any CPU.ActiveCfg = Release|Any CPU
		{C054718B-E09E-4C8B-ADDD-96B91A97A6D8}.Release|Any CPU.Build.0 = Release|Any CPU
	EndGlobalSection
	GlobalSection(SolutionProperties) = preSolution
		HideSolutionNode = FALSE
	EndGlobalSection
	GlobalSection(ExtensibilityGlobals) = postSolution
		SolutionGuid = {D12BF8F8-7C93-488B-91C9-4BB8D7FD361E}
	EndGlobalSection
EndGlobal
